
Microsoft Visual Studio Solution File, Format Version 12.00
# Visual Studio Version 17
VisualStudioVersion = 17.8.34330.188
MinimumVisualStudioVersion = 10.0.40219.1
Project("{FAE04EC0-301F-11D3-BF4B-00C04F79EFBC}") = "TutorApplication", "TutorApplication\TutorApplication.csproj", "{9B5EA8CE-20AA-4502-9EA0-23802BDCEF3F}"
EndProject
Project("{FAE04EC0-301F-11D3-BF4B-00C04F79EFBC}") = "TutorApplication.Infrastructure", "TutorApplication.Infrastructure\TutorApplication.Infrastructure.csproj", "{126103EC-0B74-4AAD-988C-BF00F2B5CCF9}"
EndProject
Project("{FAE04EC0-301F-11D3-BF4B-00C04F79EFBC}") = "TutorApplication.SharedModels", "TutorApplication.SharedModels\TutorApplication.SharedModels.csproj", "{089C4C25-C83E-4740-A5ED-F16A22513FFB}"
EndProject
Project("{FAE04EC0-301F-11D3-BF4B-00C04F79EFBC}") = "TutorApplication.ApplicationCore", "TutorApplication.ApplicationCore\TutorApplication.ApplicationCore.csproj", "{A21990BC-ADD4-4690-83CC-86FBF840DC8A}"
EndProject
Global
	GlobalSection(SolutionConfigurationPlatforms) = preSolution
		Debug|Any CPU = Debug|Any CPU
		Release|Any CPU = Release|Any CPU
	EndGlobalSection
	GlobalSection(ProjectConfigurationPlatforms) = postSolution
		{9B5EA8CE-20AA-4502-9EA0-23802BDCEF3F}.Debug|Any CPU.ActiveCfg = Debug|Any CPU
		{9B5EA8CE-20AA-4502-9EA0-23802BDCEF3F}.Debug|Any CPU.Build.0 = Debug|Any CPU
		{9B5EA8CE-20AA-4502-9EA0-23802BDCEF3F}.Release|Any CPU.ActiveCfg = Release|Any CPU
		{9B5EA8CE-20AA-4502-9EA0-23802BDCEF3F}.Release|Any CPU.Build.0 = Release|Any CPU
		{126103EC-0B74-4AAD-988C-BF00F2B5CCF9}.Debug|Any CPU.ActiveCfg = Debug|Any CPU
		{126103EC-0B74-4AAD-988C-BF00F2B5CCF9}.Debug|Any CPU.Build.0 = Debug|Any CPU
		{126103EC-0B74-4AAD-988C-BF00F2B5CCF9}.Release|Any CPU.ActiveCfg = Release|Any CPU
		{126103EC-0B74-4AAD-988C-BF00F2B5CCF9}.Release|Any CPU.Build.0 = Release|Any CPU
		{089C4C25-C83E-4740-A5ED-F16A22513FFB}.Debug|Any CPU.ActiveCfg = Debug|Any CPU
		{089C4C25-C83E-4740-A5ED-F16A22513FFB}.Debug|Any CPU.Build.0 = Debug|Any CPU
		{089C4C25-C83E-4740-A5ED-F16A22513FFB}.Release|Any CPU.ActiveCfg = Release|Any CPU
		{089C4C25-C83E-4740-A5ED-F16A22513FFB}.Release|Any CPU.Build.0 = Release|Any CPU
		{A21990BC-ADD4-4690-83CC-86FBF840DC8A}.Debug|Any CPU.ActiveCfg = Debug|Any CPU
		{A21990BC-ADD4-4690-83CC-86FBF840DC8A}.Debug|Any CPU.Build.0 = Debug|Any CPU
		{A21990BC-ADD4-4690-83CC-86FBF840DC8A}.Release|Any CPU.ActiveCfg = Release|Any CPU
		{A21990BC-ADD4-4690-83CC-86FBF840DC8A}.Release|Any CPU.Build.0 = Release|Any CPU
	EndGlobalSection
	GlobalSection(SolutionProperties) = preSolution
		HideSolutionNode = FALSE
	EndGlobalSection
	GlobalSection(ExtensibilityGlobals) = postSolution
		SolutionGuid = {84A89101-019C-4CF0-B04C-6A25FD7DD07A}
	EndGlobalSection
EndGlobal
